
Microsoft Visual Studio Solution File, Format Version 12.00
# Visual Studio 2013
VisualStudioVersion = 12.0.31101.0
MinimumVisualStudioVersion = 10.0.40219.1
Project("{FAE04EC0-301F-11D3-BF4B-00C04F79EFBC}") = "FreelanceProject", "FreelanceProject\FreelanceProject.csproj", "{378C6874-DB07-4B2B-91C5-4AEEE64026D1}"
EndProject
Project("{2150E333-8FDC-42A3-9474-1A3956D46DE8}") = "PublishScripts", "PublishScripts", "{84255069-F224-43D2-BFC6-1AA779BEF6AD}"
	ProjectSection(SolutionItems) = preProject
		PublishScripts\AzureWebsitePublishModule.psm1 = PublishScripts\AzureWebsitePublishModule.psm1
		PublishScripts\Publish-WebApplicationWebsite.ps1 = PublishScripts\Publish-WebApplicationWebsite.ps1
	EndProjectSection
EndProject
Project("{2150E333-8FDC-42A3-9474-1A3956D46DE8}") = "Configurations", "Configurations", "{E127A196-7C47-403D-9DE8-FF7E2A1C13AA}"
	ProjectSection(SolutionItems) = preProject
		PublishScripts\Configurations\FreelanceProject-WAWS-dev.json = PublishScripts\Configurations\FreelanceProject-WAWS-dev.json
	EndProjectSection
EndProject
Global
	GlobalSection(SolutionConfigurationPlatforms) = preSolution
		Debug|Any CPU = Debug|Any CPU
		Release|Any CPU = Release|Any CPU
	EndGlobalSection
	GlobalSection(ProjectConfigurationPlatforms) = postSolution
		{378C6874-DB07-4B2B-91C5-4AEEE64026D1}.Debug|Any CPU.ActiveCfg = Debug|Any CPU
		{378C6874-DB07-4B2B-91C5-4AEEE64026D1}.Debug|Any CPU.Build.0 = Debug|Any CPU
		{378C6874-DB07-4B2B-91C5-4AEEE64026D1}.Release|Any CPU.ActiveCfg = Release|Any CPU
		{378C6874-DB07-4B2B-91C5-4AEEE64026D1}.Release|Any CPU.Build.0 = Release|Any CPU
	EndGlobalSection
	GlobalSection(SolutionProperties) = preSolution
		HideSolutionNode = FALSE
	EndGlobalSection
	GlobalSection(NestedProjects) = preSolution
		{E127A196-7C47-403D-9DE8-FF7E2A1C13AA} = {84255069-F224-43D2-BFC6-1AA779BEF6AD}
	EndGlobalSection
EndGlobal
